
Microsoft Visual Studio Solution File, Format Version 11.00
# Visual C++ Express 2010
Project("{8BC9CEB8-8B4A-11D0-8D11-00A0C91BC942}") = "B14-04-2", "B14-04-2.vcxproj", "{6F6155CD-F2E3-4827-92BE-5E204AD7DCD2}"
EndProject
Global
	GlobalSection(SolutionConfigurationPlatforms) = preSolution
		Debug|Win32 = Debug|Win32
		Release|Win32 = Release|Win32
	EndGlobalSection
	GlobalSection(ProjectConfigurationPlatforms) = postSolution
		{6F6155CD-F2E3-4827-92BE-5E204AD7DCD2}.Debug|Win32.ActiveCfg = Debug|Win32
		{6F6155CD-F2E3-4827-92BE-5E204AD7DCD2}.Debug|Win32.Build.0 = Debug|Win32
		{6F6155CD-F2E3-4827-92BE-5E204AD7DCD2}.Release|Win32.ActiveCfg = Release|Win32
		{6F6155CD-F2E3-4827-92BE-5E204AD7DCD2}.Release|Win32.Build.0 = Release|Win32
	EndGlobalSection
	GlobalSection(SolutionProperties) = preSolution
		HideSolutionNode = FALSE
	EndGlobalSection
EndGlobal
