
Microsoft Visual Studio Solution File, Format Version 11.00
# Visual C++ Express 2010
Project("{8BC9CEB8-8B4A-11D0-8D11-00A0C91BC942}") = "B11-04", "B11-04.vcxproj", "{B4EB2AEF-87CE-46AF-B76A-D7F6F73B26AF}"
EndProject
Global
	GlobalSection(SolutionConfigurationPlatforms) = preSolution
		Debug|Win32 = Debug|Win32
		Release|Win32 = Release|Win32
	EndGlobalSection
	GlobalSection(ProjectConfigurationPlatforms) = postSolution
		{B4EB2AEF-87CE-46AF-B76A-D7F6F73B26AF}.Debug|Win32.ActiveCfg = Debug|Win32
		{B4EB2AEF-87CE-46AF-B76A-D7F6F73B26AF}.Debug|Win32.Build.0 = Debug|Win32
		{B4EB2AEF-87CE-46AF-B76A-D7F6F73B26AF}.Release|Win32.ActiveCfg = Release|Win32
		{B4EB2AEF-87CE-46AF-B76A-D7F6F73B26AF}.Release|Win32.Build.0 = Release|Win32
	EndGlobalSection
	GlobalSection(SolutionProperties) = preSolution
		HideSolutionNode = FALSE
	EndGlobalSection
EndGlobal
