
Microsoft Visual Studio Solution File, Format Version 11.00
# Visual C++ Express 2010
Project("{8BC9CEB8-8B4A-11D0-8D11-00A0C91BC942}") = "B11-02", "B11-02.vcxproj", "{7067D613-5956-4925-84DD-45E31610B594}"
EndProject
Global
	GlobalSection(SolutionConfigurationPlatforms) = preSolution
		Debug|Win32 = Debug|Win32
		Release|Win32 = Release|Win32
	EndGlobalSection
	GlobalSection(ProjectConfigurationPlatforms) = postSolution
		{7067D613-5956-4925-84DD-45E31610B594}.Debug|Win32.ActiveCfg = Debug|Win32
		{7067D613-5956-4925-84DD-45E31610B594}.Debug|Win32.Build.0 = Debug|Win32
		{7067D613-5956-4925-84DD-45E31610B594}.Release|Win32.ActiveCfg = Release|Win32
		{7067D613-5956-4925-84DD-45E31610B594}.Release|Win32.Build.0 = Release|Win32
	EndGlobalSection
	GlobalSection(SolutionProperties) = preSolution
		HideSolutionNode = FALSE
	EndGlobalSection
EndGlobal
