
Microsoft Visual Studio Solution File, Format Version 11.00
# Visual C++ Express 2010
Project("{8BC9CEB8-8B4A-11D0-8D11-00A0C91BC942}") = "B05-03", "B05-03.vcxproj", "{82201D21-CB99-4DD3-BD9F-94D3F72337F3}"
EndProject
Global
	GlobalSection(SolutionConfigurationPlatforms) = preSolution
		Debug|Win32 = Debug|Win32
		Release|Win32 = Release|Win32
	EndGlobalSection
	GlobalSection(ProjectConfigurationPlatforms) = postSolution
		{82201D21-CB99-4DD3-BD9F-94D3F72337F3}.Debug|Win32.ActiveCfg = Debug|Win32
		{82201D21-CB99-4DD3-BD9F-94D3F72337F3}.Debug|Win32.Build.0 = Debug|Win32
		{82201D21-CB99-4DD3-BD9F-94D3F72337F3}.Release|Win32.ActiveCfg = Release|Win32
		{82201D21-CB99-4DD3-BD9F-94D3F72337F3}.Release|Win32.Build.0 = Release|Win32
	EndGlobalSection
	GlobalSection(SolutionProperties) = preSolution
		HideSolutionNode = FALSE
	EndGlobalSection
EndGlobal
