
Microsoft Visual Studio Solution File, Format Version 11.00
# Visual C++ Express 2010
Project("{8BC9CEB8-8B4A-11D0-8D11-00A0C91BC942}") = "B01-03", "B01-03.vcxproj", "{66008663-E216-44E9-A555-40277109CA74}"
EndProject
Global
	GlobalSection(SolutionConfigurationPlatforms) = preSolution
		Debug|Win32 = Debug|Win32
		Release|Win32 = Release|Win32
	EndGlobalSection
	GlobalSection(ProjectConfigurationPlatforms) = postSolution
		{66008663-E216-44E9-A555-40277109CA74}.Debug|Win32.ActiveCfg = Debug|Win32
		{66008663-E216-44E9-A555-40277109CA74}.Debug|Win32.Build.0 = Debug|Win32
		{66008663-E216-44E9-A555-40277109CA74}.Release|Win32.ActiveCfg = Release|Win32
		{66008663-E216-44E9-A555-40277109CA74}.Release|Win32.Build.0 = Release|Win32
	EndGlobalSection
	GlobalSection(SolutionProperties) = preSolution
		HideSolutionNode = FALSE
	EndGlobalSection
EndGlobal
