
Microsoft Visual Studio Solution File, Format Version 11.00
# Visual C++ Express 2010
Project("{8BC9CEB8-8B4A-11D0-8D11-00A0C91BC942}") = "B06-12", "B06-12.vcxproj", "{BD3B7D41-E749-46DC-9536-1C684B99C043}"
EndProject
Global
	GlobalSection(SolutionConfigurationPlatforms) = preSolution
		Debug|Win32 = Debug|Win32
		Release|Win32 = Release|Win32
	EndGlobalSection
	GlobalSection(ProjectConfigurationPlatforms) = postSolution
		{BD3B7D41-E749-46DC-9536-1C684B99C043}.Debug|Win32.ActiveCfg = Debug|Win32
		{BD3B7D41-E749-46DC-9536-1C684B99C043}.Debug|Win32.Build.0 = Debug|Win32
		{BD3B7D41-E749-46DC-9536-1C684B99C043}.Release|Win32.ActiveCfg = Release|Win32
		{BD3B7D41-E749-46DC-9536-1C684B99C043}.Release|Win32.Build.0 = Release|Win32
	EndGlobalSection
	GlobalSection(SolutionProperties) = preSolution
		HideSolutionNode = FALSE
	EndGlobalSection
EndGlobal
