
Microsoft Visual Studio Solution File, Format Version 11.00
# Visual C++ Express 2010
Project("{8BC9CEB8-8B4A-11D0-8D11-00A0C91BC942}") = "B08-10", "B08-10.vcxproj", "{D39EE25D-B76F-46A8-BE70-AECC558F08CC}"
EndProject
Global
	GlobalSection(SolutionConfigurationPlatforms) = preSolution
		Debug|Win32 = Debug|Win32
		Release|Win32 = Release|Win32
	EndGlobalSection
	GlobalSection(ProjectConfigurationPlatforms) = postSolution
		{D39EE25D-B76F-46A8-BE70-AECC558F08CC}.Debug|Win32.ActiveCfg = Debug|Win32
		{D39EE25D-B76F-46A8-BE70-AECC558F08CC}.Debug|Win32.Build.0 = Debug|Win32
		{D39EE25D-B76F-46A8-BE70-AECC558F08CC}.Release|Win32.ActiveCfg = Release|Win32
		{D39EE25D-B76F-46A8-BE70-AECC558F08CC}.Release|Win32.Build.0 = Release|Win32
	EndGlobalSection
	GlobalSection(SolutionProperties) = preSolution
		HideSolutionNode = FALSE
	EndGlobalSection
EndGlobal
