
Microsoft Visual Studio Solution File, Format Version 11.00
# Visual C++ Express 2010
Project("{8BC9CEB8-8B4A-11D0-8D11-00A0C91BC942}") = "B15-04", "B15-04.vcxproj", "{3B20D404-CE73-44A0-AFE0-62830C10D451}"
EndProject
Global
	GlobalSection(SolutionConfigurationPlatforms) = preSolution
		Debug|Win32 = Debug|Win32
		Release|Win32 = Release|Win32
	EndGlobalSection
	GlobalSection(ProjectConfigurationPlatforms) = postSolution
		{3B20D404-CE73-44A0-AFE0-62830C10D451}.Debug|Win32.ActiveCfg = Debug|Win32
		{3B20D404-CE73-44A0-AFE0-62830C10D451}.Debug|Win32.Build.0 = Debug|Win32
		{3B20D404-CE73-44A0-AFE0-62830C10D451}.Release|Win32.ActiveCfg = Release|Win32
		{3B20D404-CE73-44A0-AFE0-62830C10D451}.Release|Win32.Build.0 = Release|Win32
	EndGlobalSection
	GlobalSection(SolutionProperties) = preSolution
		HideSolutionNode = FALSE
	EndGlobalSection
EndGlobal
