
Microsoft Visual Studio Solution File, Format Version 11.00
# Visual C++ Express 2010
Project("{8BC9CEB8-8B4A-11D0-8D11-00A0C91BC942}") = "B11-01", "B11-01.vcxproj", "{5D1A3DCF-F1A8-4061-B2F1-91530C7AB6E4}"
EndProject
Global
	GlobalSection(SolutionConfigurationPlatforms) = preSolution
		Debug|Win32 = Debug|Win32
		Release|Win32 = Release|Win32
	EndGlobalSection
	GlobalSection(ProjectConfigurationPlatforms) = postSolution
		{5D1A3DCF-F1A8-4061-B2F1-91530C7AB6E4}.Debug|Win32.ActiveCfg = Debug|Win32
		{5D1A3DCF-F1A8-4061-B2F1-91530C7AB6E4}.Debug|Win32.Build.0 = Debug|Win32
		{5D1A3DCF-F1A8-4061-B2F1-91530C7AB6E4}.Release|Win32.ActiveCfg = Release|Win32
		{5D1A3DCF-F1A8-4061-B2F1-91530C7AB6E4}.Release|Win32.Build.0 = Release|Win32
	EndGlobalSection
	GlobalSection(SolutionProperties) = preSolution
		HideSolutionNode = FALSE
	EndGlobalSection
EndGlobal
