
Microsoft Visual Studio Solution File, Format Version 11.00
# Visual C++ Express 2010
Project("{8BC9CEB8-8B4A-11D0-8D11-00A0C91BC942}") = "B09-07", "B09-07.vcxproj", "{65A6D569-01A4-4BC1-B535-D8F6AC07AD51}"
EndProject
Global
	GlobalSection(SolutionConfigurationPlatforms) = preSolution
		Debug|Win32 = Debug|Win32
		Release|Win32 = Release|Win32
	EndGlobalSection
	GlobalSection(ProjectConfigurationPlatforms) = postSolution
		{65A6D569-01A4-4BC1-B535-D8F6AC07AD51}.Debug|Win32.ActiveCfg = Debug|Win32
		{65A6D569-01A4-4BC1-B535-D8F6AC07AD51}.Debug|Win32.Build.0 = Debug|Win32
		{65A6D569-01A4-4BC1-B535-D8F6AC07AD51}.Release|Win32.ActiveCfg = Release|Win32
		{65A6D569-01A4-4BC1-B535-D8F6AC07AD51}.Release|Win32.Build.0 = Release|Win32
	EndGlobalSection
	GlobalSection(SolutionProperties) = preSolution
		HideSolutionNode = FALSE
	EndGlobalSection
EndGlobal
