
Microsoft Visual Studio Solution File, Format Version 11.00
# Visual C++ Express 2010
Project("{8BC9CEB8-8B4A-11D0-8D11-00A0C91BC942}") = "B10-08", "B10-08.vcxproj", "{4FCD17C1-3A4E-4AFA-938E-B3FE7A8D3A31}"
EndProject
Global
	GlobalSection(SolutionConfigurationPlatforms) = preSolution
		Debug|Win32 = Debug|Win32
		Release|Win32 = Release|Win32
	EndGlobalSection
	GlobalSection(ProjectConfigurationPlatforms) = postSolution
		{4FCD17C1-3A4E-4AFA-938E-B3FE7A8D3A31}.Debug|Win32.ActiveCfg = Debug|Win32
		{4FCD17C1-3A4E-4AFA-938E-B3FE7A8D3A31}.Debug|Win32.Build.0 = Debug|Win32
		{4FCD17C1-3A4E-4AFA-938E-B3FE7A8D3A31}.Release|Win32.ActiveCfg = Release|Win32
		{4FCD17C1-3A4E-4AFA-938E-B3FE7A8D3A31}.Release|Win32.Build.0 = Release|Win32
	EndGlobalSection
	GlobalSection(SolutionProperties) = preSolution
		HideSolutionNode = FALSE
	EndGlobalSection
EndGlobal
